// !$*UTF8*$!
{
	archiveVersion = 1;
	classes = {
	};
	objectVersion = 46;
	objects = {

/* Begin PBXBuildFile section */
		430E837D1C008D0B00F072A8 /* main.m in Sources */ = {isa = PBXBuildFile; fileRef = 430E837C1C008D0B00F072A8 /* main.m */; };
		430E83801C008D0B00F072A8 /* AppDelegate.m in Sources */ = {isa = PBXBuildFile; fileRef = 430E837F1C008D0B00F072A8 /* AppDelegate.m */; };
		430E83881C008D0B00F072A8 /* Assets.xcassets in Resources */ = {isa = PBXBuildFile; fileRef = 430E83871C008D0B00F072A8 /* Assets.xcassets */; };
		430E838B1C008D0B00F072A8 /* LaunchScreen.storyboard in Resources */ = {isa = PBXBuildFile; fileRef = 430E83891C008D0B00F072A8 /* LaunchScreen.storyboard */; };
		430E83981C00926300F072A8 /* PaintBallApp.m in Sources */ = {isa = PBXBuildFile; fileRef = 430E83971C00926300F072A8 /* PaintBallApp.m */; };
		430E839E1C00943F00F072A8 /* PaintballTabViewController.m in Sources */ = {isa = PBXBuildFile; fileRef = 430E839D1C00943F00F072A8 /* PaintballTabViewController.m */; };
		430E83A01C0095EA00F072A8 /* PaintballTabBar.storyboard in Resources */ = {isa = PBXBuildFile; fileRef = 430E839F1C0095EA00F072A8 /* PaintballTabBar.storyboard */; };
		430E83A61C009E2400F072A8 /* Onboarding.storyboard in Resources */ = {isa = PBXBuildFile; fileRef = 430E83A51C009E2400F072A8 /* Onboarding.storyboard */; };
		430E83A91C009E3900F072A8 /* OnboardingWireframe.m in Sources */ = {isa = PBXBuildFile; fileRef = 430E83A81C009E3900F072A8 /* OnboardingWireframe.m */; };
		430E83AD1C009F2600F072A8 /* IntroViewController.m in Sources */ = {isa = PBXBuildFile; fileRef = 430E83AC1C009F2600F072A8 /* IntroViewController.m */; };
		430E83B41C009F6200F072A8 /* LoginViewController.m in Sources */ = {isa = PBXBuildFile; fileRef = 430E83B31C009F6200F072A8 /* LoginViewController.m */; };
		430E83B71C009F7200F072A8 /* RegisterViewController.m in Sources */ = {isa = PBXBuildFile; fileRef = 430E83B61C009F7200F072A8 /* RegisterViewController.m */; };
		430E83BA1C00AACA00F072A8 /* APIManager.m in Sources */ = {isa = PBXBuildFile; fileRef = 430E83B91C00AACA00F072A8 /* APIManager.m */; };
		430E83BE1C00AD9800F072A8 /* APILogin.m in Sources */ = {isa = PBXBuildFile; fileRef = 430E83BD1C00AD9800F072A8 /* APILogin.m */; };
		430E83C11C00AE0600F072A8 /* APIRegister.m in Sources */ = {isa = PBXBuildFile; fileRef = 430E83C01C00AE0600F072A8 /* APIRegister.m */; };
		430E83C41C00AE2C00F072A8 /* APIUser.m in Sources */ = {isa = PBXBuildFile; fileRef = 430E83C31C00AE2C00F072A8 /* APIUser.m */; };
		430E83C71C00AE4B00F072A8 /* APILoginResult.m in Sources */ = {isa = PBXBuildFile; fileRef = 430E83C61C00AE4B00F072A8 /* APILoginResult.m */; };
		430E83CA1C00B78300F072A8 /* APIUserRegister.m in Sources */ = {isa = PBXBuildFile; fileRef = 430E83C91C00B78300F072A8 /* APIUserRegister.m */; };
		436DCF5C1C00CE9E0036D7BA /* NewGame.storyboard in Resources */ = {isa = PBXBuildFile; fileRef = 436DCF5B1C00CE9E0036D7BA /* NewGame.storyboard */; };
		436DCF641C00CF740036D7BA /* CreateNewGameViewController.m in Sources */ = {isa = PBXBuildFile; fileRef = 436DCF631C00CF740036D7BA /* CreateNewGameViewController.m */; };
		4380485F1C00D96B00E0EEF8 /* GameWireframe.m in Sources */ = {isa = PBXBuildFile; fileRef = 4380485E1C00D96B00E0EEF8 /* GameWireframe.m */; };
		438048641C00E34200E0EEF8 /* MapCreateViewController.m in Sources */ = {isa = PBXBuildFile; fileRef = 438048631C00E34200E0EEF8 /* MapCreateViewController.m */; };
		438048671C00E73800E0EEF8 /* MyLocation.m in Sources */ = {isa = PBXBuildFile; fileRef = 438048661C00E73800E0EEF8 /* MyLocation.m */; };
		4380486A1C00F47700E0EEF8 /* APIGame.m in Sources */ = {isa = PBXBuildFile; fileRef = 438048691C00F47700E0EEF8 /* APIGame.m */; };
		4380486D1C00F52700E0EEF8 /* APILocation.m in Sources */ = {isa = PBXBuildFile; fileRef = 4380486C1C00F52700E0EEF8 /* APILocation.m */; };
		438048701C00FC6500E0EEF8 /* APIField.m in Sources */ = {isa = PBXBuildFile; fileRef = 4380486F1C00FC6500E0EEF8 /* APIField.m */; };
		438048741C011FC100E0EEF8 /* GameReadyViewController.m in Sources */ = {isa = PBXBuildFile; fileRef = 438048731C011FC100E0EEF8 /* GameReadyViewController.m */; };
		438048771C01220200E0EEF8 /* GameReadyTableViewCell.m in Sources */ = {isa = PBXBuildFile; fileRef = 438048761C01220200E0EEF8 /* GameReadyTableViewCell.m */; };
		4380487A1C01248E00E0EEF8 /* APIPlayer.m in Sources */ = {isa = PBXBuildFile; fileRef = 438048791C01248E00E0EEF8 /* APIPlayer.m */; };
		438048811C013A2A00E0EEF8 /* PlayGameViewController.m in Sources */ = {isa = PBXBuildFile; fileRef = 438048801C013A2A00E0EEF8 /* PlayGameViewController.m */; };
		438048851C01423C00E0EEF8 /* IntroPlayerViewController.m in Sources */ = {isa = PBXBuildFile; fileRef = 438048841C01423C00E0EEF8 /* IntroPlayerViewController.m */; };
		438048881C0143E600E0EEF8 /* APIJoinGame.m in Sources */ = {isa = PBXBuildFile; fileRef = 438048871C0143E600E0EEF8 /* APIJoinGame.m */; };
		4380488D1C0178AF00E0EEF8 /* CommunicationViewController.m in Sources */ = {isa = PBXBuildFile; fileRef = 4380488C1C0178AF00E0EEF8 /* CommunicationViewController.m */; };
		4380488F1C0178BF00E0EEF8 /* Communication.storyboard in Resources */ = {isa = PBXBuildFile; fileRef = 4380488E1C0178BF00E0EEF8 /* Communication.storyboard */; };
		438048921C017B4000E0EEF8 /* CommunicationTableViewCell.m in Sources */ = {isa = PBXBuildFile; fileRef = 438048911C017B4000E0EEF8 /* CommunicationTableViewCell.m */; };
		C888254D123B57A7F81F65B8 /* Pods.framework in Frameworks */ = {isa = PBXBuildFile; fileRef = 39C0C09C55479FAD3FA9165F /* Pods.framework */; };
/* End PBXBuildFile section */

/* Begin PBXFileReference section */
		39C0C09C55479FAD3FA9165F /* Pods.framework */ = {isa = PBXFileReference; explicitFileType = wrapper.framework; includeInIndex = 0; path = Pods.framework; sourceTree = BUILT_PRODUCTS_DIR; };
		430E83781C008D0B00F072A8 /* FoiPaintball.app */ = {isa = PBXFileReference; explicitFileType = wrapper.application; includeInIndex = 0; path = FoiPaintball.app; sourceTree = BUILT_PRODUCTS_DIR; };
		430E837C1C008D0B00F072A8 /* main.m */ = {isa = PBXFileReference; lastKnownFileType = sourcecode.c.objc; path = main.m; sourceTree = "<group>"; };
		430E837E1C008D0B00F072A8 /* AppDelegate.h */ = {isa = PBXFileReference; lastKnownFileType = sourcecode.c.h; path = AppDelegate.h; sourceTree = "<group>"; };
		430E837F1C008D0B00F072A8 /* AppDelegate.m */ = {isa = PBXFileReference; lastKnownFileType = sourcecode.c.objc; path = AppDelegate.m; sourceTree = "<group>"; };
		430E83871C008D0B00F072A8 /* Assets.xcassets */ = {isa = PBXFileReference; lastKnownFileType = folder.assetcatalog; path = Assets.xcassets; sourceTree = "<group>"; };
		430E838A1C008D0B00F072A8 /* Base */ = {isa = PBXFileReference; lastKnownFileType = file.storyboard; name = Base; path = Base.lproj/LaunchScreen.storyboard; sourceTree = "<group>"; };
		430E838C1C008D0B00F072A8 /* Info.plist */ = {isa = PBXFileReference; lastKnownFileType = text.plist.xml; path = Info.plist; sourceTree = "<group>"; };
		430E83961C00926300F072A8 /* PaintBallApp.h */ = {isa = PBXFileReference; fileEncoding = 4; lastKnownFileType = sourcecode.c.h; path = PaintBallApp.h; sourceTree = "<group>"; };
		430E83971C00926300F072A8 /* PaintBallApp.m */ = {isa = PBXFileReference; fileEncoding = 4; lastKnownFileType = sourcecode.c.objc; path = PaintBallApp.m; sourceTree = "<group>"; };
		430E839C1C00943F00F072A8 /* PaintballTabViewController.h */ = {isa = PBXFileReference; fileEncoding = 4; lastKnownFileType = sourcecode.c.h; path = PaintballTabViewController.h; sourceTree = "<group>"; };
		430E839D1C00943F00F072A8 /* PaintballTabViewController.m */ = {isa = PBXFileReference; fileEncoding = 4; lastKnownFileType = sourcecode.c.objc; path = PaintballTabViewController.m; sourceTree = "<group>"; };
		430E839F1C0095EA00F072A8 /* PaintballTabBar.storyboard */ = {isa = PBXFileReference; fileEncoding = 4; lastKnownFileType = file.storyboard; path = PaintballTabBar.storyboard; sourceTree = "<group>"; };
		430E83A51C009E2400F072A8 /* Onboarding.storyboard */ = {isa = PBXFileReference; fileEncoding = 4; lastKnownFileType = file.storyboard; path = Onboarding.storyboard; sourceTree = "<group>"; };
		430E83A71C009E3900F072A8 /* OnboardingWireframe.h */ = {isa = PBXFileReference; fileEncoding = 4; lastKnownFileType = sourcecode.c.h; path = OnboardingWireframe.h; sourceTree = "<group>"; };
		430E83A81C009E3900F072A8 /* OnboardingWireframe.m */ = {isa = PBXFileReference; fileEncoding = 4; lastKnownFileType = sourcecode.c.objc; path = OnboardingWireframe.m; sourceTree = "<group>"; };
		430E83AB1C009F2600F072A8 /* IntroViewController.h */ = {isa = PBXFileReference; fileEncoding = 4; lastKnownFileType = sourcecode.c.h; path = IntroViewController.h; sourceTree = "<group>"; };
		430E83AC1C009F2600F072A8 /* IntroViewController.m */ = {isa = PBXFileReference; fileEncoding = 4; lastKnownFileType = sourcecode.c.objc; path = IntroViewController.m; sourceTree = "<group>"; };
		430E83B21C009F6200F072A8 /* LoginViewController.h */ = {isa = PBXFileReference; fileEncoding = 4; lastKnownFileType = sourcecode.c.h; path = LoginViewController.h; sourceTree = "<group>"; };
		430E83B31C009F6200F072A8 /* LoginViewController.m */ = {isa = PBXFileReference; fileEncoding = 4; lastKnownFileType = sourcecode.c.objc; path = LoginViewController.m; sourceTree = "<group>"; };
		430E83B51C009F7200F072A8 /* RegisterViewController.h */ = {isa = PBXFileReference; fileEncoding = 4; lastKnownFileType = sourcecode.c.h; path = RegisterViewController.h; sourceTree = "<group>"; };
		430E83B61C009F7200F072A8 /* RegisterViewController.m */ = {isa = PBXFileReference; fileEncoding = 4; lastKnownFileType = sourcecode.c.objc; path = RegisterViewController.m; sourceTree = "<group>"; };
		430E83B81C00AACA00F072A8 /* APIManager.h */ = {isa = PBXFileReference; fileEncoding = 4; lastKnownFileType = sourcecode.c.h; path = APIManager.h; sourceTree = "<group>"; };
		430E83B91C00AACA00F072A8 /* APIManager.m */ = {isa = PBXFileReference; fileEncoding = 4; lastKnownFileType = sourcecode.c.objc; path = APIManager.m; sourceTree = "<group>"; };
		430E83BC1C00AD9800F072A8 /* APILogin.h */ = {isa = PBXFileReference; fileEncoding = 4; lastKnownFileType = sourcecode.c.h; path = APILogin.h; sourceTree = "<group>"; };
		430E83BD1C00AD9800F072A8 /* APILogin.m */ = {isa = PBXFileReference; fileEncoding = 4; lastKnownFileType = sourcecode.c.objc; path = APILogin.m; sourceTree = "<group>"; };
		430E83BF1C00AE0600F072A8 /* APIRegister.h */ = {isa = PBXFileReference; fileEncoding = 4; lastKnownFileType = sourcecode.c.h; path = APIRegister.h; sourceTree = "<group>"; };
		430E83C01C00AE0600F072A8 /* APIRegister.m */ = {isa = PBXFileReference; fileEncoding = 4; lastKnownFileType = sourcecode.c.objc; path = APIRegister.m; sourceTree = "<group>"; };
		430E83C21C00AE2C00F072A8 /* APIUser.h */ = {isa = PBXFileReference; fileEncoding = 4; lastKnownFileType = sourcecode.c.h; path = APIUser.h; sourceTree = "<group>"; };
		430E83C31C00AE2C00F072A8 /* APIUser.m */ = {isa = PBXFileReference; fileEncoding = 4; lastKnownFileType = sourcecode.c.objc; path = APIUser.m; sourceTree = "<group>"; };
		430E83C51C00AE4B00F072A8 /* APILoginResult.h */ = {isa = PBXFileReference; fileEncoding = 4; lastKnownFileType = sourcecode.c.h; path = APILoginResult.h; sourceTree = "<group>"; };
		430E83C61C00AE4B00F072A8 /* APILoginResult.m */ = {isa = PBXFileReference; fileEncoding = 4; lastKnownFileType = sourcecode.c.objc; path = APILoginResult.m; sourceTree = "<group>"; };
		430E83C81C00B78300F072A8 /* APIUserRegister.h */ = {isa = PBXFileReference; fileEncoding = 4; lastKnownFileType = sourcecode.c.h; path = APIUserRegister.h; sourceTree = "<group>"; };
		430E83C91C00B78300F072A8 /* APIUserRegister.m */ = {isa = PBXFileReference; fileEncoding = 4; lastKnownFileType = sourcecode.c.objc; path = APIUserRegister.m; sourceTree = "<group>"; };
		436DCF5B1C00CE9E0036D7BA /* NewGame.storyboard */ = {isa = PBXFileReference; fileEncoding = 4; lastKnownFileType = file.storyboard; path = NewGame.storyboard; sourceTree = "<group>"; };
		436DCF621C00CF740036D7BA /* CreateNewGameViewController.h */ = {isa = PBXFileReference; fileEncoding = 4; lastKnownFileType = sourcecode.c.h; path = CreateNewGameViewController.h; sourceTree = "<group>"; };
		436DCF631C00CF740036D7BA /* CreateNewGameViewController.m */ = {isa = PBXFileReference; fileEncoding = 4; lastKnownFileType = sourcecode.c.objc; path = CreateNewGameViewController.m; sourceTree = "<group>"; };
		4380485D1C00D96B00E0EEF8 /* GameWireframe.h */ = {isa = PBXFileReference; fileEncoding = 4; lastKnownFileType = sourcecode.c.h; path = GameWireframe.h; sourceTree = "<group>"; };
		4380485E1C00D96B00E0EEF8 /* GameWireframe.m */ = {isa = PBXFileReference; fileEncoding = 4; lastKnownFileType = sourcecode.c.objc; path = GameWireframe.m; sourceTree = "<group>"; };
		438048621C00E34200E0EEF8 /* MapCreateViewController.h */ = {isa = PBXFileReference; fileEncoding = 4; lastKnownFileType = sourcecode.c.h; path = MapCreateViewController.h; sourceTree = "<group>"; };
		438048631C00E34200E0EEF8 /* MapCreateViewController.m */ = {isa = PBXFileReference; fileEncoding = 4; lastKnownFileType = sourcecode.c.objc; path = MapCreateViewController.m; sourceTree = "<group>"; };
		438048651C00E73800E0EEF8 /* MyLocation.h */ = {isa = PBXFileReference; fileEncoding = 4; lastKnownFileType = sourcecode.c.h; path = MyLocation.h; sourceTree = "<group>"; };
		438048661C00E73800E0EEF8 /* MyLocation.m */ = {isa = PBXFileReference; fileEncoding = 4; lastKnownFileType = sourcecode.c.objc; path = MyLocation.m; sourceTree = "<group>"; };
		438048681C00F47700E0EEF8 /* APIGame.h */ = {isa = PBXFileReference; fileEncoding = 4; lastKnownFileType = sourcecode.c.h; path = APIGame.h; sourceTree = "<group>"; };
		438048691C00F47700E0EEF8 /* APIGame.m */ = {isa = PBXFileReference; fileEncoding = 4; lastKnownFileType = sourcecode.c.objc; path = APIGame.m; sourceTree = "<group>"; };
		4380486B1C00F52700E0EEF8 /* APILocation.h */ = {isa = PBXFileReference; fileEncoding = 4; lastKnownFileType = sourcecode.c.h; path = APILocation.h; sourceTree = "<group>"; };
		4380486C1C00F52700E0EEF8 /* APILocation.m */ = {isa = PBXFileReference; fileEncoding = 4; lastKnownFileType = sourcecode.c.objc; path = APILocation.m; sourceTree = "<group>"; };
		4380486E1C00FC6500E0EEF8 /* APIField.h */ = {isa = PBXFileReference; fileEncoding = 4; lastKnownFileType = sourcecode.c.h; path = APIField.h; sourceTree = "<group>"; };
		4380486F1C00FC6500E0EEF8 /* APIField.m */ = {isa = PBXFileReference; fileEncoding = 4; lastKnownFileType = sourcecode.c.objc; path = APIField.m; sourceTree = "<group>"; };
		438048721C011FC100E0EEF8 /* GameReadyViewController.h */ = {isa = PBXFileReference; fileEncoding = 4; lastKnownFileType = sourcecode.c.h; path = GameReadyViewController.h; sourceTree = "<group>"; };
		438048731C011FC100E0EEF8 /* GameReadyViewController.m */ = {isa = PBXFileReference; fileEncoding = 4; lastKnownFileType = sourcecode.c.objc; path = GameReadyViewController.m; sourceTree = "<group>"; };
		438048751C01220200E0EEF8 /* GameReadyTableViewCell.h */ = {isa = PBXFileReference; fileEncoding = 4; lastKnownFileType = sourcecode.c.h; path = GameReadyTableViewCell.h; sourceTree = "<group>"; };
		438048761C01220200E0EEF8 /* GameReadyTableViewCell.m */ = {isa = PBXFileReference; fileEncoding = 4; lastKnownFileType = sourcecode.c.objc; path = GameReadyTableViewCell.m; sourceTree = "<group>"; };
		438048781C01248E00E0EEF8 /* APIPlayer.h */ = {isa = PBXFileReference; fileEncoding = 4; lastKnownFileType = sourcecode.c.h; path = APIPlayer.h; sourceTree = "<group>"; };
		438048791C01248E00E0EEF8 /* APIPlayer.m */ = {isa = PBXFileReference; fileEncoding = 4; lastKnownFileType = sourcecode.c.objc; path = APIPlayer.m; sourceTree = "<group>"; };
		4380487F1C013A2A00E0EEF8 /* PlayGameViewController.h */ = {isa = PBXFileReference; fileEncoding = 4; lastKnownFileType = sourcecode.c.h; path = PlayGameViewController.h; sourceTree = "<group>"; };
		438048801C013A2A00E0EEF8 /* PlayGameViewController.m */ = {isa = PBXFileReference; fileEncoding = 4; lastKnownFileType = sourcecode.c.objc; path = PlayGameViewController.m; sourceTree = "<group>"; };
		438048831C01423C00E0EEF8 /* IntroPlayerViewController.h */ = {isa = PBXFileReference; fileEncoding = 4; lastKnownFileType = sourcecode.c.h; path = IntroPlayerViewController.h; sourceTree = "<group>"; };
		438048841C01423C00E0EEF8 /* IntroPlayerViewController.m */ = {isa = PBXFileReference; fileEncoding = 4; lastKnownFileType = sourcecode.c.objc; path = IntroPlayerViewController.m; sourceTree = "<group>"; };
		438048861C0143E600E0EEF8 /* APIJoinGame.h */ = {isa = PBXFileReference; fileEncoding = 4; lastKnownFileType = sourcecode.c.h; path = APIJoinGame.h; sourceTree = "<group>"; };
		438048871C0143E600E0EEF8 /* APIJoinGame.m */ = {isa = PBXFileReference; fileEncoding = 4; lastKnownFileType = sourcecode.c.objc; path = APIJoinGame.m; sourceTree = "<group>"; };
		4380488B1C0178AF00E0EEF8 /* CommunicationViewController.h */ = {isa = PBXFileReference; fileEncoding = 4; lastKnownFileType = sourcecode.c.h; path = CommunicationViewController.h; sourceTree = "<group>"; };
		4380488C1C0178AF00E0EEF8 /* CommunicationViewController.m */ = {isa = PBXFileReference; fileEncoding = 4; lastKnownFileType = sourcecode.c.objc; path = CommunicationViewController.m; sourceTree = "<group>"; };
		4380488E1C0178BF00E0EEF8 /* Communication.storyboard */ = {isa = PBXFileReference; fileEncoding = 4; lastKnownFileType = file.storyboard; path = Communication.storyboard; sourceTree = "<group>"; };
		438048901C017B4000E0EEF8 /* CommunicationTableViewCell.h */ = {isa = PBXFileReference; fileEncoding = 4; lastKnownFileType = sourcecode.c.h; path = CommunicationTableViewCell.h; sourceTree = "<group>"; };
		438048911C017B4000E0EEF8 /* CommunicationTableViewCell.m */ = {isa = PBXFileReference; fileEncoding = 4; lastKnownFileType = sourcecode.c.objc; path = CommunicationTableViewCell.m; sourceTree = "<group>"; };
		897B50E8E616024860B32014 /* Pods.release.xcconfig */ = {isa = PBXFileReference; includeInIndex = 1; lastKnownFileType = text.xcconfig; name = Pods.release.xcconfig; path = "Pods/Target Support Files/Pods/Pods.release.xcconfig"; sourceTree = "<group>"; };
		B3004BA700C0D4F8B8C6214F /* Pods.debug.xcconfig */ = {isa = PBXFileReference; includeInIndex = 1; lastKnownFileType = text.xcconfig; name = Pods.debug.xcconfig; path = "Pods/Target Support Files/Pods/Pods.debug.xcconfig"; sourceTree = "<group>"; };
/* End PBXFileReference section */

/* Begin PBXFrameworksBuildPhase section */
		430E83751C008D0B00F072A8 /* Frameworks */ = {
			isa = PBXFrameworksBuildPhase;
			buildActionMask = 2147483647;
			files = (
				C888254D123B57A7F81F65B8 /* Pods.framework in Frameworks */,
			);
			runOnlyForDeploymentPostprocessing = 0;
		};
/* End PBXFrameworksBuildPhase section */

/* Begin PBXGroup section */
		430E836F1C008D0B00F072A8 = {
			isa = PBXGroup;
			children = (
				430E837A1C008D0B00F072A8 /* FoiPaintball */,
				430E83791C008D0B00F072A8 /* Products */,
				F0284E413B639CFD7D13CEEF /* Pods */,
				DCA04863E08F62635AEB8D2C /* Frameworks */,
			);
			sourceTree = "<group>";
		};
		430E83791C008D0B00F072A8 /* Products */ = {
			isa = PBXGroup;
			children = (
				430E83781C008D0B00F072A8 /* FoiPaintball.app */,
			);
			name = Products;
			sourceTree = "<group>";
		};
		430E837A1C008D0B00F072A8 /* FoiPaintball */ = {
			isa = PBXGroup;
			children = (
				430E83921C0091EF00F072A8 /* App */,
				430E83931C0091EF00F072A8 /* Modules */,
				430E837E1C008D0B00F072A8 /* AppDelegate.h */,
				430E837F1C008D0B00F072A8 /* AppDelegate.m */,
				430E83871C008D0B00F072A8 /* Assets.xcassets */,
				430E83891C008D0B00F072A8 /* LaunchScreen.storyboard */,
				430E838C1C008D0B00F072A8 /* Info.plist */,
				430E837B1C008D0B00F072A8 /* Supporting Files */,
			);
			path = FoiPaintball;
			sourceTree = "<group>";
		};
		430E837B1C008D0B00F072A8 /* Supporting Files */ = {
			isa = PBXGroup;
			children = (
				430E837C1C008D0B00F072A8 /* main.m */,
			);
			name = "Supporting Files";
			sourceTree = "<group>";
		};
		430E83921C0091EF00F072A8 /* App */ = {
			isa = PBXGroup;
			children = (
				430E83BB1C00AD8400F072A8 /* Models */,
				430E83961C00926300F072A8 /* PaintBallApp.h */,
				430E83971C00926300F072A8 /* PaintBallApp.m */,
				430E83B81C00AACA00F072A8 /* APIManager.h */,
				430E83B91C00AACA00F072A8 /* APIManager.m */,
			);
			path = App;
			sourceTree = "<group>";
		};
		430E83931C0091EF00F072A8 /* Modules */ = {
			isa = PBXGroup;
			children = (
				4380488A1C01789700E0EEF8 /* Communication */,
				436DCF5A1C00CE6E0036D7BA /* New Game */,
				430E83A41C009E0600F072A8 /* Onboarding */,
				430E83941C00921D00F072A8 /* Common */,
				430E83A31C009DD500F072A8 /* Settings */,
				430E83A21C009B4400F072A8 /* Playground */,
				430E83951C00921D00F072A8 /* Tab Bar */,
			);
			path = Modules;
			sourceTree = "<group>";
		};
		430E83941C00921D00F072A8 /* Common */ = {
			isa = PBXGroup;
			children = (
			);
			path = Common;
			sourceTree = "<group>";
		};
		430E83951C00921D00F072A8 /* Tab Bar */ = {
			isa = PBXGroup;
			children = (
				430E839F1C0095EA00F072A8 /* PaintballTabBar.storyboard */,
				430E839C1C00943F00F072A8 /* PaintballTabViewController.h */,
				430E839D1C00943F00F072A8 /* PaintballTabViewController.m */,
			);
			path = "Tab Bar";
			sourceTree = "<group>";
		};
		430E83A21C009B4400F072A8 /* Playground */ = {
			isa = PBXGroup;
			children = (
			);
			path = Playground;
			sourceTree = "<group>";
		};
		430E83A31C009DD500F072A8 /* Settings */ = {
			isa = PBXGroup;
			children = (
			);
			path = Settings;
			sourceTree = "<group>";
		};
		430E83A41C009E0600F072A8 /* Onboarding */ = {
			isa = PBXGroup;
			children = (
				430E83A51C009E2400F072A8 /* Onboarding.storyboard */,
				430E83A71C009E3900F072A8 /* OnboardingWireframe.h */,
				430E83A81C009E3900F072A8 /* OnboardingWireframe.m */,
				430E83AA1C009F0900F072A8 /* Intro  */,
				430E83B01C009F4D00F072A8 /* Login */,
				430E83B11C009F4D00F072A8 /* Register */,
			);
			path = Onboarding;
			sourceTree = "<group>";
		};
		430E83AA1C009F0900F072A8 /* Intro  */ = {
			isa = PBXGroup;
			children = (
				430E83AB1C009F2600F072A8 /* IntroViewController.h */,
				430E83AC1C009F2600F072A8 /* IntroViewController.m */,
			);
			path = "Intro ";
			sourceTree = "<group>";
		};
		430E83B01C009F4D00F072A8 /* Login */ = {
			isa = PBXGroup;
			children = (
				430E83B21C009F6200F072A8 /* LoginViewController.h */,
				430E83B31C009F6200F072A8 /* LoginViewController.m */,
			);
			path = Login;
			sourceTree = "<group>";
		};
		430E83B11C009F4D00F072A8 /* Register */ = {
			isa = PBXGroup;
			children = (
				430E83B51C009F7200F072A8 /* RegisterViewController.h */,
				430E83B61C009F7200F072A8 /* RegisterViewController.m */,
			);
			path = Register;
			sourceTree = "<group>";
		};
		430E83BB1C00AD8400F072A8 /* Models */ = {
			isa = PBXGroup;
			children = (
				430E83BC1C00AD9800F072A8 /* APILogin.h */,
				430E83BD1C00AD9800F072A8 /* APILogin.m */,
				430E83BF1C00AE0600F072A8 /* APIRegister.h */,
				430E83C01C00AE0600F072A8 /* APIRegister.m */,
				430E83C21C00AE2C00F072A8 /* APIUser.h */,
				430E83C31C00AE2C00F072A8 /* APIUser.m */,
				430E83C51C00AE4B00F072A8 /* APILoginResult.h */,
				430E83C61C00AE4B00F072A8 /* APILoginResult.m */,
				430E83C81C00B78300F072A8 /* APIUserRegister.h */,
				430E83C91C00B78300F072A8 /* APIUserRegister.m */,
				438048681C00F47700E0EEF8 /* APIGame.h */,
				438048691C00F47700E0EEF8 /* APIGame.m */,
				4380486B1C00F52700E0EEF8 /* APILocation.h */,
				4380486C1C00F52700E0EEF8 /* APILocation.m */,
				4380486E1C00FC6500E0EEF8 /* APIField.h */,
				4380486F1C00FC6500E0EEF8 /* APIField.m */,
				438048781C01248E00E0EEF8 /* APIPlayer.h */,
				438048791C01248E00E0EEF8 /* APIPlayer.m */,
				438048861C0143E600E0EEF8 /* APIJoinGame.h */,
				438048871C0143E600E0EEF8 /* APIJoinGame.m */,
			);
			path = Models;
			sourceTree = "<group>";
		};
		436DCF5A1C00CE6E0036D7BA /* New Game */ = {
			isa = PBXGroup;
			children = (
				436DCF611C00CF5C0036D7BA /* Create New Game */,
				438048611C00E33100E0EEF8 /* Map Create */,
				438048711C011FB100E0EEF8 /* Game Ready */,
				4380487B1C01392000E0EEF8 /* Play Game */,
				438048821C01422E00E0EEF8 /* Intro Player */,
				436DCF5B1C00CE9E0036D7BA /* NewGame.storyboard */,
				4380485D1C00D96B00E0EEF8 /* GameWireframe.h */,
				4380485E1C00D96B00E0EEF8 /* GameWireframe.m */,
			);
			path = "New Game";
			sourceTree = "<group>";
		};
		436DCF611C00CF5C0036D7BA /* Create New Game */ = {
			isa = PBXGroup;
			children = (
				436DCF621C00CF740036D7BA /* CreateNewGameViewController.h */,
				436DCF631C00CF740036D7BA /* CreateNewGameViewController.m */,
			);
			path = "Create New Game";
			sourceTree = "<group>";
		};
		438048611C00E33100E0EEF8 /* Map Create */ = {
			isa = PBXGroup;
			children = (
				438048621C00E34200E0EEF8 /* MapCreateViewController.h */,
				438048631C00E34200E0EEF8 /* MapCreateViewController.m */,
				438048651C00E73800E0EEF8 /* MyLocation.h */,
				438048661C00E73800E0EEF8 /* MyLocation.m */,
			);
			path = "Map Create";
			sourceTree = "<group>";
		};
		438048711C011FB100E0EEF8 /* Game Ready */ = {
			isa = PBXGroup;
			children = (
				438048721C011FC100E0EEF8 /* GameReadyViewController.h */,
				438048731C011FC100E0EEF8 /* GameReadyViewController.m */,
				438048751C01220200E0EEF8 /* GameReadyTableViewCell.h */,
				438048761C01220200E0EEF8 /* GameReadyTableViewCell.m */,
			);
			path = "Game Ready";
			sourceTree = "<group>";
		};
		4380487B1C01392000E0EEF8 /* Play Game */ = {
			isa = PBXGroup;
			children = (
				4380487F1C013A2A00E0EEF8 /* PlayGameViewController.h */,
				438048801C013A2A00E0EEF8 /* PlayGameViewController.m */,
			);
			path = "Play Game";
			sourceTree = "<group>";
		};
		438048821C01422E00E0EEF8 /* Intro Player */ = {
			isa = PBXGroup;
			children = (
				438048831C01423C00E0EEF8 /* IntroPlayerViewController.h */,
				438048841C01423C00E0EEF8 /* IntroPlayerViewController.m */,
			);
			path = "Intro Player";
			sourceTree = "<group>";
		};
		4380488A1C01789700E0EEF8 /* Communication */ = {
			isa = PBXGroup;
			children = (
				4380488B1C0178AF00E0EEF8 /* CommunicationViewController.h */,
				4380488C1C0178AF00E0EEF8 /* CommunicationViewController.m */,
				4380488E1C0178BF00E0EEF8 /* Communication.storyboard */,
				438048901C017B4000E0EEF8 /* CommunicationTableViewCell.h */,
				438048911C017B4000E0EEF8 /* CommunicationTableViewCell.m */,
			);
			path = Communication;
			sourceTree = "<group>";
		};
		DCA04863E08F62635AEB8D2C /* Frameworks */ = {
			isa = PBXGroup;
			children = (
				39C0C09C55479FAD3FA9165F /* Pods.framework */,
			);
			name = Frameworks;
			sourceTree = "<group>";
		};
		F0284E413B639CFD7D13CEEF /* Pods */ = {
			isa = PBXGroup;
			children = (
				B3004BA700C0D4F8B8C6214F /* Pods.debug.xcconfig */,
				897B50E8E616024860B32014 /* Pods.release.xcconfig */,
			);
			name = Pods;
			sourceTree = "<group>";
		};
/* End PBXGroup section */

/* Begin PBXNativeTarget section */
		430E83771C008D0B00F072A8 /* FoiPaintball */ = {
			isa = PBXNativeTarget;
			buildConfigurationList = 430E838F1C008D0B00F072A8 /* Build configuration list for PBXNativeTarget "FoiPaintball" */;
			buildPhases = (
				739EC4DE66400F0249FF3B88 /* Check Pods Manifest.lock */,
				430E83741C008D0B00F072A8 /* Sources */,
				430E83751C008D0B00F072A8 /* Frameworks */,
				430E83761C008D0B00F072A8 /* Resources */,
				D36FBAAC7419981F15F44895 /* Embed Pods Frameworks */,
				326AD371C09BF71CC9237938 /* Copy Pods Resources */,
			);
			buildRules = (
			);
			dependencies = (
			);
			name = FoiPaintball;
			productName = FoiPaintball;
			productReference = 430E83781C008D0B00F072A8 /* FoiPaintball.app */;
			productType = "com.apple.product-type.application";
		};
/* End PBXNativeTarget section */

/* Begin PBXProject section */
		430E83701C008D0B00F072A8 /* Project object */ = {
			isa = PBXProject;
			attributes = {
				LastUpgradeCheck = 0710;
				ORGANIZATIONNAME = Infinum;
				TargetAttributes = {
					430E83771C008D0B00F072A8 = {
						CreatedOnToolsVersion = 7.1;
					};
				};
			};
			buildConfigurationList = 430E83731C008D0B00F072A8 /* Build configuration list for PBXProject "FoiPaintball" */;
			compatibilityVersion = "Xcode 3.2";
			developmentRegion = English;
			hasScannedForEncodings = 0;
			knownRegions = (
				en,
				Base,
			);
			mainGroup = 430E836F1C008D0B00F072A8;
			productRefGroup = 430E83791C008D0B00F072A8 /* Products */;
			projectDirPath = "";
			projectRoot = "";
			targets = (
				430E83771C008D0B00F072A8 /* FoiPaintball */,
			);
		};
/* End PBXProject section */

/* Begin PBXResourcesBuildPhase section */
		430E83761C008D0B00F072A8 /* Resources */ = {
			isa = PBXResourcesBuildPhase;
			buildActionMask = 2147483647;
			files = (
				430E83A01C0095EA00F072A8 /* PaintballTabBar.storyboard in Resources */,
				430E838B1C008D0B00F072A8 /* LaunchScreen.storyboard in Resources */,
				430E83881C008D0B00F072A8 /* Assets.xcassets in Resources */,
				436DCF5C1C00CE9E0036D7BA /* NewGame.storyboard in Resources */,
				430E83A61C009E2400F072A8 /* Onboarding.storyboard in Resources */,
				4380488F1C0178BF00E0EEF8 /* Communication.storyboard in Resources */,
			);
			runOnlyForDeploymentPostprocessing = 0;
		};
/* End PBXResourcesBuildPhase section */

/* Begin PBXShellScriptBuildPhase section */
		326AD371C09BF71CC9237938 /* Copy Pods Resources */ = {
			isa = PBXShellScriptBuildPhase;
			buildActionMask = 2147483647;
			files = (
			);
			inputPaths = (
			);
			name = "Copy Pods Resources";
			outputPaths = (
			);
			runOnlyForDeploymentPostprocessing = 0;
			shellPath = /bin/sh;
			shellScript = "\"${SRCROOT}/Pods/Target Support Files/Pods/Pods-resources.sh\"\n";
			showEnvVarsInLog = 0;
		};
		739EC4DE66400F0249FF3B88 /* Check Pods Manifest.lock */ = {
			isa = PBXShellScriptBuildPhase;
			buildActionMask = 2147483647;
			files = (
			);
			inputPaths = (
			);
			name = "Check Pods Manifest.lock";
			outputPaths = (
			);
			runOnlyForDeploymentPostprocessing = 0;
			shellPath = /bin/sh;
			shellScript = "diff \"${PODS_ROOT}/../Podfile.lock\" \"${PODS_ROOT}/Manifest.lock\" > /dev/null\nif [[ $? != 0 ]] ; then\n    cat << EOM\nerror: The sandbox is not in sync with the Podfile.lock. Run 'pod install' or update your CocoaPods installation.\nEOM\n    exit 1\nfi\n";
			showEnvVarsInLog = 0;
		};
		D36FBAAC7419981F15F44895 /* Embed Pods Frameworks */ = {
			isa = PBXShellScriptBuildPhase;
			buildActionMask = 2147483647;
			files = (
			);
			inputPaths = (
			);
			name = "Embed Pods Frameworks";
			outputPaths = (
			);
			runOnlyForDeploymentPostprocessing = 0;
			shellPath = /bin/sh;
			shellScript = "\"${SRCROOT}/Pods/Target Support Files/Pods/Pods-frameworks.sh\"\n";
			showEnvVarsInLog = 0;
		};
/* End PBXShellScriptBuildPhase section */

/* Begin PBXSourcesBuildPhase section */
		430E83741C008D0B00F072A8 /* Sources */ = {
			isa = PBXSourcesBuildPhase;
			buildActionMask = 2147483647;
			files = (
				430E839E1C00943F00F072A8 /* PaintballTabViewController.m in Sources */,
				4380486A1C00F47700E0EEF8 /* APIGame.m in Sources */,
				430E83C41C00AE2C00F072A8 /* APIUser.m in Sources */,
				430E83AD1C009F2600F072A8 /* IntroViewController.m in Sources */,
				430E83BA1C00AACA00F072A8 /* APIManager.m in Sources */,
				4380488D1C0178AF00E0EEF8 /* CommunicationViewController.m in Sources */,
				438048671C00E73800E0EEF8 /* MyLocation.m in Sources */,
				430E83981C00926300F072A8 /* PaintBallApp.m in Sources */,
				430E83C11C00AE0600F072A8 /* APIRegister.m in Sources */,
				438048851C01423C00E0EEF8 /* IntroPlayerViewController.m in Sources */,
				430E83801C008D0B00F072A8 /* AppDelegate.m in Sources */,
				430E83B41C009F6200F072A8 /* LoginViewController.m in Sources */,
				438048701C00FC6500E0EEF8 /* APIField.m in Sources */,
				438048771C01220200E0EEF8 /* GameReadyTableViewCell.m in Sources */,
				430E837D1C008D0B00F072A8 /* main.m in Sources */,
				4380485F1C00D96B00E0EEF8 /* GameWireframe.m in Sources */,
				430E83A91C009E3900F072A8 /* OnboardingWireframe.m in Sources */,
				430E83BE1C00AD9800F072A8 /* APILogin.m in Sources */,
				430E83B71C009F7200F072A8 /* RegisterViewController.m in Sources */,
				438048881C0143E600E0EEF8 /* APIJoinGame.m in Sources */,
				438048741C011FC100E0EEF8 /* GameReadyViewController.m in Sources */,
				4380486D1C00F52700E0EEF8 /* APILocation.m in Sources */,
				430E83CA1C00B78300F072A8 /* APIUserRegister.m in Sources */,
				438048811C013A2A00E0EEF8 /* PlayGameViewController.m in Sources */,
				430E83C71C00AE4B00F072A8 /* APILoginResult.m in Sources */,
				438048921C017B4000E0EEF8 /* CommunicationTableViewCell.m in Sources */,
				4380487A1C01248E00E0EEF8 /* APIPlayer.m in Sources */,
				436DCF641C00CF740036D7BA /* CreateNewGameViewController.m in Sources */,
				438048641C00E34200E0EEF8 /* MapCreateViewController.m in Sources */,
			);
			runOnlyForDeploymentPostprocessing = 0;
		};
/* End PBXSourcesBuildPhase section */

/* Begin PBXVariantGroup section */
		430E83891C008D0B00F072A8 /* LaunchScreen.storyboard */ = {
			isa = PBXVariantGroup;
			children = (
				430E838A1C008D0B00F072A8 /* Base */,
			);
			name = LaunchScreen.storyboard;
			sourceTree = "<group>";
		};
/* End PBXVariantGroup section */

/* Begin XCBuildConfiguration section */
		430E838D1C008D0B00F072A8 /* Debug */ = {
			isa = XCBuildConfiguration;
			buildSettings = {
				ALWAYS_SEARCH_USER_PATHS = NO;
				CLANG_CXX_LANGUAGE_STANDARD = "gnu++0x";
				CLANG_CXX_LIBRARY = "libc++";
				CLANG_ENABLE_MODULES = YES;
				CLANG_ENABLE_OBJC_ARC = YES;
				CLANG_WARN_BOOL_CONVERSION = YES;
				CLANG_WARN_CONSTANT_CONVERSION = YES;
				CLANG_WARN_DIRECT_OBJC_ISA_USAGE = YES_ERROR;
				CLANG_WARN_EMPTY_BODY = YES;
				CLANG_WARN_ENUM_CONVERSION = YES;
				CLANG_WARN_INT_CONVERSION = YES;
				CLANG_WARN_OBJC_ROOT_CLASS = YES_ERROR;
				CLANG_WARN_UNREACHABLE_CODE = YES;
				CLANG_WARN__DUPLICATE_METHOD_MATCH = YES;
				"CODE_SIGN_IDENTITY[sdk=iphoneos*]" = "iPhone Developer";
				COPY_PHASE_STRIP = NO;
				DEBUG_INFORMATION_FORMAT = dwarf;
				ENABLE_STRICT_OBJC_MSGSEND = YES;
				ENABLE_TESTABILITY = YES;
				GCC_C_LANGUAGE_STANDARD = gnu99;
				GCC_DYNAMIC_NO_PIC = NO;
				GCC_NO_COMMON_BLOCKS = YES;
				GCC_OPTIMIZATION_LEVEL = 0;
				GCC_PREPROCESSOR_DEFINITIONS = (
					"DEBUG=1",
					"$(inherited)",
				);
				GCC_WARN_64_TO_32_BIT_CONVERSION = YES;
				GCC_WARN_ABOUT_RETURN_TYPE = YES_ERROR;
				GCC_WARN_UNDECLARED_SELECTOR = YES;
				GCC_WARN_UNINITIALIZED_AUTOS = YES_AGGRESSIVE;
				GCC_WARN_UNUSED_FUNCTION = YES;
				GCC_WARN_UNUSED_VARIABLE = YES;
				IPHONEOS_DEPLOYMENT_TARGET = 9.1;
				MTL_ENABLE_DEBUG_INFO = YES;
				ONLY_ACTIVE_ARCH = YES;
				SDKROOT = iphoneos;
			};
			name = Debug;
		};
		430E838E1C008D0B00F072A8 /* Release */ = {
			isa = XCBuildConfiguration;
			buildSettings = {
				ALWAYS_SEARCH_USER_PATHS = NO;
				CLANG_CXX_LANGUAGE_STANDARD = "gnu++0x";
				CLANG_CXX_LIBRARY = "libc++";
				CLANG_ENABLE_MODULES = YES;
				CLANG_ENABLE_OBJC_ARC = YES;
				CLANG_WARN_BOOL_CONVERSION = YES;
				CLANG_WARN_CONSTANT_CONVERSION = YES;
				CLANG_WARN_DIRECT_OBJC_ISA_USAGE = YES_ERROR;
				CLANG_WARN_EMPTY_BODY = YES;
				CLANG_WARN_ENUM_CONVERSION = YES;
				CLANG_WARN_INT_CONVERSION = YES;
				CLANG_WARN_OBJC_ROOT_CLASS = YES_ERROR;
				CLANG_WARN_UNREACHABLE_CODE = YES;
				CLANG_WARN__DUPLICATE_METHOD_MATCH = YES;
				"CODE_SIGN_IDENTITY[sdk=iphoneos*]" = "iPhone Developer";
				COPY_PHASE_STRIP = NO;
				DEBUG_INFORMATION_FORMAT = "dwarf-with-dsym";
				ENABLE_NS_ASSERTIONS = NO;
				ENABLE_STRICT_OBJC_MSGSEND = YES;
				GCC_C_LANGUAGE_STANDARD = gnu99;
				GCC_NO_COMMON_BLOCKS = YES;
				GCC_WARN_64_TO_32_BIT_CONVERSION = YES;
				GCC_WARN_ABOUT_RETURN_TYPE = YES_ERROR;
				GCC_WARN_UNDECLARED_SELECTOR = YES;
				GCC_WARN_UNINITIALIZED_AUTOS = YES_AGGRESSIVE;
				GCC_WARN_UNUSED_FUNCTION = YES;
				GCC_WARN_UNUSED_VARIABLE = YES;
				IPHONEOS_DEPLOYMENT_TARGET = 9.1;
				MTL_ENABLE_DEBUG_INFO = NO;
				SDKROOT = iphoneos;
				VALIDATE_PRODUCT = YES;
			};
			name = Release;
		};
		430E83901C008D0B00F072A8 /* Debug */ = {
			isa = XCBuildConfiguration;
			baseConfigurationReference = B3004BA700C0D4F8B8C6214F /* Pods.debug.xcconfig */;
			buildSettings = {
				ASSETCATALOG_COMPILER_APPICON_NAME = AppIcon;
				INFOPLIST_FILE = FoiPaintball/Info.plist;
				IPHONEOS_DEPLOYMENT_TARGET = 9.1;
				LD_RUNPATH_SEARCH_PATHS = "$(inherited) @executable_path/Frameworks";
				PRODUCT_BUNDLE_IDENTIFIER = com.infinum.FoiPaintball;
				PRODUCT_NAME = "$(TARGET_NAME)";
			};
			name = Debug;
		};
		430E83911C008D0B00F072A8 /* Release */ = {
			isa = XCBuildConfiguration;
			baseConfigurationReference = 897B50E8E616024860B32014 /* Pods.release.xcconfig */;
			buildSettings = {
				ASSETCATALOG_COMPILER_APPICON_NAME = AppIcon;
				INFOPLIST_FILE = FoiPaintball/Info.plist;
				IPHONEOS_DEPLOYMENT_TARGET = 9.1;
				LD_RUNPATH_SEARCH_PATHS = "$(inherited) @executable_path/Frameworks";
				PRODUCT_BUNDLE_IDENTIFIER = com.infinum.FoiPaintball;
				PRODUCT_NAME = "$(TARGET_NAME)";
			};
			name = Release;
		};
/* End XCBuildConfiguration section */

/* Begin XCConfigurationList section */
		430E83731C008D0B00F072A8 /* Build configuration list for PBXProject "FoiPaintball" */ = {
			isa = XCConfigurationList;
			buildConfigurations = (
				430E838D1C008D0B00F072A8 /* Debug */,
				430E838E1C008D0B00F072A8 /* Release */,
			);
			defaultConfigurationIsVisible = 0;
			defaultConfigurationName = Release;
		};
		430E838F1C008D0B00F072A8 /* Build configuration list for PBXNativeTarget "FoiPaintball" */ = {
			isa = XCConfigurationList;
			buildConfigurations = (
				430E83901C008D0B00F072A8 /* Debug */,
				430E83911C008D0B00F072A8 /* Release */,
			);
			defaultConfigurationIsVisible = 0;
			defaultConfigurationName = Release;
		};
/* End XCConfigurationList section */
	};
	rootObject = 430E83701C008D0B00F072A8 /* Project object */;
}
